
Microsoft Visual Studio Solution File, Format Version 12.00
# Visual Studio Version 17
VisualStudioVersion = 17.10.35027.167
MinimumVisualStudioVersion = 10.0.40219.1
Project("{FAE04EC0-301F-11D3-BF4B-00C04F79EFBC}") = "palindrome", "palindrome.csproj", "{1D7298C8-7782-4E7A-B00F-F6A118FE9E3A}"
EndProject
Global
	GlobalSection(SolutionConfigurationPlatforms) = preSolution
		Debug|Any CPU = Debug|Any CPU
		Release|Any CPU = Release|Any CPU
	EndGlobalSection
	GlobalSection(ProjectConfigurationPlatforms) = postSolution
		{1D7298C8-7782-4E7A-B00F-F6A118FE9E3A}.Debug|Any CPU.ActiveCfg = Debug|Any CPU
		{1D7298C8-7782-4E7A-B00F-F6A118FE9E3A}.Debug|Any CPU.Build.0 = Debug|Any CPU
		{1D7298C8-7782-4E7A-B00F-F6A118FE9E3A}.Release|Any CPU.ActiveCfg = Release|Any CPU
		{1D7298C8-7782-4E7A-B00F-F6A118FE9E3A}.Release|Any CPU.Build.0 = Release|Any CPU
	EndGlobalSection
	GlobalSection(SolutionProperties) = preSolution
		HideSolutionNode = FALSE
	EndGlobalSection
	GlobalSection(ExtensibilityGlobals) = postSolution
		SolutionGuid = {F6879E3E-A778-4E54-9598-5E8BFDD720FB}
	EndGlobalSection
EndGlobal
